
Microsoft Visual Studio Solution File, Format Version 12.00
# Visual Studio Version 16
VisualStudioVersion = 16.0.31911.196
MinimumVisualStudioVersion = 10.0.40219.1
Project("{FAE04EC0-301F-11D3-BF4B-00C04F79EFBC}") = "ЗаданиеWpf9", "ЗаданиеWpf9\ЗаданиеWpf9.csproj", "{151ACD0C-411F-4032-8E54-EA5CB0E84EB9}"
EndProject
Global
	GlobalSection(SolutionConfigurationPlatforms) = preSolution
		Debug|Any CPU = Debug|Any CPU
		Release|Any CPU = Release|Any CPU
	EndGlobalSection
	GlobalSection(ProjectConfigurationPlatforms) = postSolution
		{151ACD0C-411F-4032-8E54-EA5CB0E84EB9}.Debug|Any CPU.ActiveCfg = Debug|Any CPU
		{151ACD0C-411F-4032-8E54-EA5CB0E84EB9}.Debug|Any CPU.Build.0 = Debug|Any CPU
		{151ACD0C-411F-4032-8E54-EA5CB0E84EB9}.Release|Any CPU.ActiveCfg = Release|Any CPU
		{151ACD0C-411F-4032-8E54-EA5CB0E84EB9}.Release|Any CPU.Build.0 = Release|Any CPU
	EndGlobalSection
	GlobalSection(SolutionProperties) = preSolution
		HideSolutionNode = FALSE
	EndGlobalSection
	GlobalSection(ExtensibilityGlobals) = postSolution
		SolutionGuid = {C11FBBAE-7638-4659-9FA0-2C5511CFC554}
	EndGlobalSection
EndGlobal
